
Microsoft Visual Studio Solution File, Format Version 12.00
# Visual Studio Version 16
VisualStudioVersion = 16.0.30002.166
MinimumVisualStudioVersion = 10.0.40219.1
Project("{FAE04EC0-301F-11D3-BF4B-00C04F79EFBC}") = "Website", "Website.csproj", "{370D8525-50AA-4374-8170-BA78AA423775}"
EndProject
Global
	GlobalSection(SolutionConfigurationPlatforms) = preSolution
		Debug|Any CPU = Debug|Any CPU
		Release|Any CPU = Release|Any CPU
	EndGlobalSection
	GlobalSection(ProjectConfigurationPlatforms) = postSolution
		{370D8525-50AA-4374-8170-BA78AA423775}.Debug|Any CPU.ActiveCfg = Debug|Any CPU
		{370D8525-50AA-4374-8170-BA78AA423775}.Debug|Any CPU.Build.0 = Debug|Any CPU
		{370D8525-50AA-4374-8170-BA78AA423775}.Release|Any CPU.ActiveCfg = Release|Any CPU
		{370D8525-50AA-4374-8170-BA78AA423775}.Release|Any CPU.Build.0 = Release|Any CPU
	EndGlobalSection
	GlobalSection(SolutionProperties) = preSolution
		HideSolutionNode = FALSE
	EndGlobalSection
	GlobalSection(ExtensibilityGlobals) = postSolution
		SolutionGuid = {1406B087-8E4D-48CD-929C-2CA9304EBA32}
	EndGlobalSection
EndGlobal
